
Microsoft Visual Studio Solution File, Format Version 12.00
# Visual Studio 2013
VisualStudioVersion = 12.0.31101.0
MinimumVisualStudioVersion = 10.0.40219.1
Project("{FAE04EC0-301F-11D3-BF4B-00C04F79EFBC}") = "DEPRECIACION2.0", "DEPRECIACION2.0\DEPRECIACION2.0.csproj", "{36360968-3A36-4263-9978-1044D674038B}"
EndProject
Global
	GlobalSection(SolutionConfigurationPlatforms) = preSolution
		Debug|Any CPU = Debug|Any CPU
		Release|Any CPU = Release|Any CPU
	EndGlobalSection
	GlobalSection(ProjectConfigurationPlatforms) = postSolution
		{36360968-3A36-4263-9978-1044D674038B}.Debug|Any CPU.ActiveCfg = Debug|Any CPU
		{36360968-3A36-4263-9978-1044D674038B}.Debug|Any CPU.Build.0 = Debug|Any CPU
		{36360968-3A36-4263-9978-1044D674038B}.Release|Any CPU.ActiveCfg = Release|Any CPU
		{36360968-3A36-4263-9978-1044D674038B}.Release|Any CPU.Build.0 = Release|Any CPU
	EndGlobalSection
	GlobalSection(SolutionProperties) = preSolution
		HideSolutionNode = FALSE
	EndGlobalSection
EndGlobal
